{
    "_readme": [
        "This file locks the dependencies of your project to a known state",
        "Read more about it at http://getcomposer.org/doc/01-basic-usage.md#composer-lock-the-lock-file",
        "This file is @generated automatically"
    ],
    "hash": "8d3b0ed6de121f2468f04c75866d8100",
    "packages": [
        {
            "name": "colymba/gridfield-bulk-editing-tools",
            "version": "dev-master",
            "source": {
                "type": "git",
                "url": "https://github.com/colymba/GridFieldBulkEditingTools.git",
                "reference": "3335105ee27c8463abe1912fc341946414f13d09"
            },
            "dist": {
                "type": "zip",
                "url": "https://api.github.com/repos/colymba/GridFieldBulkEditingTools/zipball/3335105ee27c8463abe1912fc341946414f13d09",
                "reference": "3335105ee27c8463abe1912fc341946414f13d09",
                "shasum": ""
            },
            "require": {
                "silverstripe/framework": "~3.1"
            },
            "type": "silverstripe-module",
            "notification-url": "https://packagist.org/downloads/",
            "license": [
                "BSD Simplified"
            ],
            "authors": [
                {
                    "name": "Thierry Francois",
                    "homepage": "http://colymba.com"
                },
                {
                    "name": "GitHub contributors",
                    "homepage": "https://github.com/colymba/GridFieldBulkEditingTools/contributors"
                }
            ],
            "description": "SilverStripe 3 GridField component to upload images and edit records in bulk",
            "homepage": "https://github.com/colymba/GridFieldBulkEditingTools",
            "keywords": [
                "Image upload",
                "bulk upload",
                "gridfield bulk upload",
                "silverstripe"
            ],
            "time": "2014-11-02 18:06:58"
        },
        {
            "name": "composer/installers",
            "version": "dev-master",
            "source": {
                "type": "git",
                "url": "https://github.com/composer/installers.git",
                "reference": "8024be9aa3ee446272937f46a8807fa52b337767"
            },
            "dist": {
                "type": "zip",
                "url": "https://api.github.com/repos/composer/installers/zipball/8024be9aa3ee446272937f46a8807fa52b337767",
                "reference": "8024be9aa3ee446272937f46a8807fa52b337767",
                "shasum": ""
            },
            "replace": {
                "roundcube/plugin-installer": "*",
                "shama/baton": "*"
            },
            "require-dev": {
                "composer/composer": "1.0.*@dev",
                "phpunit/phpunit": "4.1.*"
            },
            "type": "composer-installer",
            "extra": {
                "class": "Composer\\Installers\\Installer",
                "branch-alias": {
                    "dev-master": "1.0-dev"
                }
            },
            "autoload": {
                "psr-0": {
                    "Composer\\Installers\\": "src/"
                }
            },
            "notification-url": "https://packagist.org/downloads/",
            "license": [
                "MIT"
            ],
            "authors": [
                {
                    "name": "Kyle Robinson Young",
                    "email": "kyle@dontkry.com",
                    "homepage": "https://github.com/shama"
                }
            ],
            "description": "A multi-framework Composer library installer",
            "homepage": "http://composer.github.com/installers/",
            "keywords": [
                "Craft",
                "Dolibarr",
                "Hurad",
                "MODX Evo",
                "OXID",
                "Thelia",
                "WolfCMS",
                "agl",
                "annotatecms",
                "bitrix",
                "cakephp",
                "chef",
                "codeigniter",
                "concrete5",
                "croogo",
                "drupal",
                "elgg",
                "fuelphp",
                "grav",
                "installer",
                "joomla",
                "kohana",
                "laravel",
                "lithium",
                "magento",
                "mako",
                "mediawiki",
                "modulework",
                "moodle",
                "phpbb",
                "piwik",
                "ppi",
                "puppet",
                "roundcube",
                "shopware",
                "silverstripe",
                "symfony",
                "typo3",
                "wordpress",
                "zend",
                "zikula"
            ],
            "time": "2014-11-01 17:51:50"
        },
        {
            "name": "jonom/focuspoint",
            "version": "dev-master",
            "source": {
                "type": "git",
                "url": "https://github.com/jonom/silverstripe-focuspoint.git",
                "reference": "cca804f332f2fe872d6d333f75348aeca1a9d77e"
            },
            "dist": {
                "type": "zip",
                "url": "https://api.github.com/repos/jonom/silverstripe-focuspoint/zipball/cca804f332f2fe872d6d333f75348aeca1a9d77e",
                "reference": "cca804f332f2fe872d6d333f75348aeca1a9d77e",
                "shasum": ""
            },
            "require": {
                "silverstripe/framework": "~3.1"
            },
            "type": "silverstripe-module",
            "notification-url": "https://packagist.org/downloads/",
            "license": [
                "BSD-3-Clause"
            ],
            "authors": [
                {
                    "name": "Jonathon Menz",
                    "homepage": "http://jonathonmenz.com"
                }
            ],
            "description": "Smarter automatic image cropping for SilverStripe",
            "keywords": [
                "crop",
                "cropping",
                "focus",
                "focuspoint",
                "image",
                "silverstripe"
            ],
            "time": "2014-11-17 21:17:47"
        },
        {
            "name": "md/ac-json-events",
            "version": "dev-master",
            "source": {
                "type": "git",
                "url": "https://github.com/StudentLifeMarketingAndDesign/ac-json-events.git",
                "reference": "05313a3eb585dd32d5530438a3173acc5dbd980c"
            },
            "dist": {
                "type": "zip",
                "url": "https://api.github.com/repos/StudentLifeMarketingAndDesign/ac-json-events/zipball/05313a3eb585dd32d5530438a3173acc5dbd980c",
                "reference": "05313a3eb585dd32d5530438a3173acc5dbd980c",
                "shasum": ""
            },
            "require": {
                "php": ">=5.3.2",
                "silverstripe/cms": "3.*",
                "silverstripe/framework": "3.*"
            },
            "type": "silverstripe-module",
            "extra": {
                "branch-alias": {
                    "dev-master": "0.1.x-dev"
                }
            },
            "description": "After Class JSON Display Module",
            "support": {
                "source": "https://github.com/StudentLifeMarketingAndDesign/ac-json-events/tree/master",
                "issues": "https://github.com/StudentLifeMarketingAndDesign/ac-json-events/issues"
            },
            "time": "2014-11-10 19:01:47"
        },
        {
            "name": "md/division-bar",
            "version": "dev-master",
            "source": {
                "type": "git",
                "url": "https://github.com/StudentLifeMarketingAndDesign/division-bar.git",
                "reference": "3f07eea2e1a31bf61e2d28f62e6d8c84232f724b"
            },
            "dist": {
                "type": "zip",
                "url": "https://api.github.com/repos/StudentLifeMarketingAndDesign/division-bar/zipball/3f07eea2e1a31bf61e2d28f62e6d8c84232f724b",
                "reference": "3f07eea2e1a31bf61e2d28f62e6d8c84232f724b",
                "shasum": ""
            },
            "require": {
                "php": ">=5.3.2",
                "silverstripe/cms": "3.*",
                "silverstripe/framework": "3.*"
            },
            "type": "silverstripe-module",
            "extra": {
                "branch-alias": {
                    "dev-master": "0.1.x-dev"
                }
            },
            "description": "The University of Iowa Division of Student Life Bar",
            "support": {
                "source": "https://github.com/StudentLifeMarketingAndDesign/division-bar/tree/master",
                "issues": "https://github.com/StudentLifeMarketingAndDesign/division-bar/issues"
            },
            "time": "2014-10-31 17:52:50"
        },
        {
            "name": "md/division-project",
            "version": "dev-master",
            "source": {
                "type": "git",
                "url": "https://github.com/StudentLifeMarketingAndDesign/division-project.git",
                "reference": "3983c7b4721b68ae7f8ea9036373f52f67ec8782"
            },
            "dist": {
                "type": "zip",
                "url": "https://api.github.com/repos/StudentLifeMarketingAndDesign/division-project/zipball/3983c7b4721b68ae7f8ea9036373f52f67ec8782",
                "reference": "3983c7b4721b68ae7f8ea9036373f52f67ec8782",
                "shasum": ""
            },
            "require": {
                "colymba/gridfield-bulk-editing-tools": "*",
                "jonom/focuspoint": "*",
                "md/ac-json-events": "dev-master",
                "md/division-bar": "*",
                "php": ">=5.3.2",
                "sheadawson/quickaddnew": "*",
                "silverstripe-themes/simple": "*",
                "silverstripe/blog": "*",
                "silverstripe/cms": "3.1.8",
                "silverstripe/framework": "3.1.8",
                "silverstripe/googlesitemaps": "*",
                "silverstripe/installer": "*",
                "silverstripe/mathspamprotection": "*",
                "silverstripe/recaptcha": "*",
                "silverstripe/timepickerfield": "*",
                "silverstripe/userforms": "*",
                "silverstripe/widgets": "*",
                "simplepie/simplepie": "*",
                "unclecheese/betterbuttons": "*",
                "unclecheese/eventcalendar": "*",
                "undefinedoffset/sortablegridfield": "*"
            },
            "type": "silverstripe-module",
            "extra": {
                "branch-alias": {
                    "dev-master": "0.1.x-dev"
                }
            },
            "description": "The University of Iowa Division of Student Life Project Code and Theme",
            "support": {
                "source": "https://github.com/StudentLifeMarketingAndDesign/division-project/tree/master",
                "issues": "https://github.com/StudentLifeMarketingAndDesign/division-project/issues"
            },
            "time": "2014-11-19 19:54:07"
        },
        {
            "name": "sheadawson/quickaddnew",
            "version": "dev-master",
            "source": {
                "type": "git",
                "url": "https://github.com/sheadawson/silverstripe-quickaddnew.git",
                "reference": "2578bb3cb7925f04d42abb77d41ed9b771162e9b"
            },
            "dist": {
                "type": "zip",
                "url": "https://api.github.com/repos/sheadawson/silverstripe-quickaddnew/zipball/2578bb3cb7925f04d42abb77d41ed9b771162e9b",
                "reference": "2578bb3cb7925f04d42abb77d41ed9b771162e9b",
                "shasum": ""
            },
            "require": {
                "composer/installers": "*",
                "silverstripe/framework": "3.*"
            },
            "replace": {
                "silverstripe/quickaddnew": "*"
            },
            "type": "silverstripe-module",
            "notification-url": "https://packagist.org/downloads/",
            "authors": [
                {
                    "name": "Shea Dawson",
                    "email": "shea@silverstripe.com.au"
                }
            ],
            "description": "A decorator for form fields that manage object relationships, to allow adding a new object on the fly through a dialog window. It can handle has_one, has_many or many_many relationships. At the moment it has been tested / works on DropdownField and ListboxField. It works both in the CMS and in the frontend.",
            "homepage": "http://github.com/sheadawson/silverstripe-quickaddnew",
            "keywords": [
                "Forms",
                "silverstripe"
            ],
            "time": "2014-10-08 10:26:14"
        },
        {
            "name": "silverstripe-themes/simple",
            "version": "dev-master",
            "source": {
                "type": "git",
                "url": "https://github.com/silverstripe-themes/silverstripe-simple.git",
                "reference": "63c549e82fb8d530bb88a370a8b7c3d8c61ddd74"
            },
            "dist": {
                "type": "zip",
                "url": "https://api.github.com/repos/silverstripe-themes/silverstripe-simple/zipball/63c549e82fb8d530bb88a370a8b7c3d8c61ddd74",
                "reference": "63c549e82fb8d530bb88a370a8b7c3d8c61ddd74",
                "shasum": ""
            },
            "require": {
                "composer/installers": "*",
                "silverstripe/framework": ">=3.0"
            },
            "type": "silverstripe-theme",
            "notification-url": "https://packagist.org/downloads/",
            "license": [
                "BSD-3-Clause"
            ],
            "authors": [
                {
                    "name": "Sara Tušar (Innovaif)",
                    "homepage": "http://www.saratusar.com"
                }
            ],
            "description": "The SilverStripe simple theme (default SilverStripe 3 theme)",
            "keywords": [
                "silverstripe",
                "theme"
            ],
            "time": "2014-07-30 04:30:14"
        },
        {
            "name": "silverstripe/blog",
            "version": "dev-master",
            "source": {
                "type": "git",
                "url": "https://github.com/silverstripe/silverstripe-blog.git",
                "reference": "1bd26052c92b7f7a36e9c9b083ec7840fe6820c5"
            },
            "dist": {
                "type": "zip",
                "url": "https://api.github.com/repos/silverstripe/silverstripe-blog/zipball/1bd26052c92b7f7a36e9c9b083ec7840fe6820c5",
                "reference": "1bd26052c92b7f7a36e9c9b083ec7840fe6820c5",
                "shasum": ""
            },
            "require": {
                "silverstripe/cms": "~3.1"
            },
            "suggest": {
                "silverstripe/comments": "Enable user comments on any page type, including blog posts",
                "silverstripe/widgets": "Additional 'sidebar features', e.g. a list of recent posts and a tagcloud",
                "simplepie/simplepie": "Parse RSS feeds, required for the RSS widget"
            },
            "type": "silverstripe-module",
            "notification-url": "https://packagist.org/downloads/",
            "authors": [
                {
                    "name": "Saophalkun Ponlu",
                    "email": "phalkunz@silverstripe.com"
                },
                {
                    "name": "Carlos Barberis",
                    "email": "carlos@silverstripe.com"
                }
            ],
            "description": "The blog module allows you to post blogs on your SilverStripe. It includes the ability to post blogs using a site front-end form. Blogs are summarised on the blog holder page type, with more detail viewable when a specific blog is clicked.",
            "keywords": [
                "blog",
                "silverstripe"
            ],
            "time": "2014-11-03 01:09:18"
        },
        {
            "name": "silverstripe/cms",
            "version": "3.1.8",
            "source": {
                "type": "git",
                "url": "https://github.com/silverstripe/silverstripe-cms.git",
                "reference": "708e70624c65e146abce2a88858d52b12653fa53"
            },
            "dist": {
                "type": "zip",
                "url": "https://api.github.com/repos/silverstripe/silverstripe-cms/zipball/708e70624c65e146abce2a88858d52b12653fa53",
                "reference": "708e70624c65e146abce2a88858d52b12653fa53",
                "shasum": ""
            },
            "require": {
                "composer/installers": "*",
                "php": ">=5.3.2",
                "silverstripe/framework": "3.1.*"
            },
            "type": "silverstripe-module",
            "autoload": {
                "classmap": [
                    "tests/behat/"
                ]
            },
            "notification-url": "https://packagist.org/downloads/",
            "license": [
                "BSD-3-Clause"
            ],
            "authors": [
                {
                    "name": "SilverStripe",
                    "homepage": "http://silverstripe.com"
                },
                {
                    "name": "The SilverStripe Community",
                    "homepage": "http://silverstripe.org"
                }
            ],
            "description": "The SilverStripe Content Management System",
            "homepage": "http://silverstripe.org",
            "keywords": [
                "cms",
                "silverstripe"
            ],
            "time": "2014-11-08 04:06:10"
        },
        {
            "name": "silverstripe/framework",
            "version": "3.1.8",
            "source": {
                "type": "git",
                "url": "https://github.com/silverstripe/silverstripe-framework.git",
                "reference": "8b3695bd41e5fcd0fb2fe97811fcba4ed03ce214"
            },
            "dist": {
                "type": "zip",
                "url": "https://api.github.com/repos/silverstripe/silverstripe-framework/zipball/8b3695bd41e5fcd0fb2fe97811fcba4ed03ce214",
                "reference": "8b3695bd41e5fcd0fb2fe97811fcba4ed03ce214",
                "shasum": ""
            },
            "require": {
                "composer/installers": "*",
                "php": ">=5.3.2"
            },
            "require-dev": {
                "phpunit/phpunit": "~3.7@stable"
            },
            "type": "silverstripe-module",
            "autoload": {
                "classmap": [
                    "tests/behat/features/bootstrap"
                ]
            },
            "notification-url": "https://packagist.org/downloads/",
            "license": [
                "BSD-3-Clause"
            ],
            "authors": [
                {
                    "name": "SilverStripe",
                    "homepage": "http://silverstripe.com"
                },
                {
                    "name": "The SilverStripe Community",
                    "homepage": "http://silverstripe.org"
                }
            ],
            "description": "The SilverStripe framework",
            "homepage": "http://silverstripe.org",
            "keywords": [
                "framework",
                "silverstripe"
            ],
            "time": "2014-11-18 05:30:19"
        },
        {
            "name": "silverstripe/googlesitemaps",
            "version": "dev-master",
            "source": {
                "type": "git",
                "url": "https://github.com/silverstripe-labs/silverstripe-googlesitemaps.git",
                "reference": "d3a12fe225b6ca58423618bb6553474e4cf9b88d"
            },
            "dist": {
                "type": "zip",
                "url": "https://api.github.com/repos/silverstripe-labs/silverstripe-googlesitemaps/zipball/d3a12fe225b6ca58423618bb6553474e4cf9b88d",
                "reference": "d3a12fe225b6ca58423618bb6553474e4cf9b88d",
                "shasum": ""
            },
            "require": {
                "silverstripe/framework": "~3.1"
            },
            "type": "silverstripe-module",
            "notification-url": "https://packagist.org/downloads/",
            "license": [
                "BSD"
            ],
            "authors": [
                {
                    "name": "Will Rossiter",
                    "email": "will@fullscreen.io"
                }
            ],
            "description": "SilverStripe support for the Google Sitemaps XML system, enabling Google and other search engines to see all urls on your site. This helps your SilverStripe website rank well in search engines, and to encourage the information on your site to be discovered by Google quickly.",
            "homepage": "https://github.com/silverstripe-labs/silverstripe-googlesitemaps",
            "keywords": [
                "googlesitemaps",
                "seo",
                "silverstripe"
            ],
            "time": "2014-11-11 03:46:45"
        },
        {
            "name": "silverstripe/mathspamprotection",
            "version": "dev-master",
            "source": {
                "type": "git",
                "url": "https://github.com/silverstripe/silverstripe-mathspamprotection.git",
                "reference": "ae63604f08100435b11406741c08f4970a686fbf"
            },
            "dist": {
                "type": "zip",
                "url": "https://api.github.com/repos/silverstripe/silverstripe-mathspamprotection/zipball/ae63604f08100435b11406741c08f4970a686fbf",
                "reference": "ae63604f08100435b11406741c08f4970a686fbf",
                "shasum": ""
            },
            "require": {
                "silverstripe/spamprotection": "dev-master"
            },
            "type": "silverstripe-module",
            "notification-url": "https://packagist.org/downloads/",
            "authors": [
                {
                    "name": "Will Rossiter",
                    "email": "will@fullscreen.io"
                }
            ],
            "description": "This module provides a simple math protection mechanism for prevent spam from your forms.Includes an EditableMathSpamField to integrate with the UserForms module.",
            "keywords": [
                "mathspamprotection",
                "silverstripe",
                "spamprotection"
            ],
            "time": "2014-11-05 02:52:42"
        },
        {
            "name": "silverstripe/recaptcha",
            "version": "dev-master",
            "source": {
                "type": "git",
                "url": "https://github.com/chillu/silverstripe-recaptcha.git",
                "reference": "ac7db259142dba769a76541fc156ef57b82f2970"
            },
            "dist": {
                "type": "zip",
                "url": "https://api.github.com/repos/chillu/silverstripe-recaptcha/zipball/ac7db259142dba769a76541fc156ef57b82f2970",
                "reference": "ac7db259142dba769a76541fc156ef57b82f2970",
                "shasum": ""
            },
            "require": {
                "silverstripe/framework": "~3.1",
                "silverstripe/spamprotection": "*"
            },
            "type": "silverstripe-module",
            "extra": {
                "branch-alias": {
                    "dev-master": "1.2.x-dev"
                }
            },
            "notification-url": "https://packagist.org/downloads/",
            "authors": [
                {
                    "name": "Ingo Schommer",
                    "email": "ingo@silverstripe.com",
                    "homepage": "http://chillu.com",
                    "role": "tech-lead"
                }
            ],
            "description": "Provides a form field which allows form to validate for non-bot submissions by giving them a challenge to decrypt an image.",
            "keywords": [
                "silverstripe",
                "spamprotection"
            ],
            "time": "2014-02-18 21:11:57"
        },
        {
            "name": "silverstripe/spamprotection",
            "version": "dev-master",
            "source": {
                "type": "git",
                "url": "https://github.com/silverstripe/silverstripe-spamprotection.git",
                "reference": "949ec2b3591e1922b310a99e0c6d39ef32f915ab"
            },
            "dist": {
                "type": "zip",
                "url": "https://api.github.com/repos/silverstripe/silverstripe-spamprotection/zipball/949ec2b3591e1922b310a99e0c6d39ef32f915ab",
                "reference": "949ec2b3591e1922b310a99e0c6d39ef32f915ab",
                "shasum": ""
            },
            "require": {
                "silverstripe/framework": "~3.1"
            },
            "type": "silverstripe-module",
            "notification-url": "https://packagist.org/downloads/",
            "authors": [
                {
                    "name": "Saophalkun Ponlu",
                    "email": "phalkunz@silverstripe.com"
                },
                {
                    "name": "Will Rossiter",
                    "email": "will@fullscreen.io"
                }
            ],
            "description": "Spam protection module for SilverStripe.",
            "keywords": [
                "silverstripe",
                "spamprotection"
            ],
            "time": "2014-11-11 22:24:21"
        },
        {
            "name": "silverstripe/timepickerfield",
            "version": "dev-master",
            "source": {
                "type": "git",
                "url": "https://github.com/sheadawson/silverstripe-timepickerfield.git",
                "reference": "3f889a2b0e81561f99c562f95a410207b6486086"
            },
            "dist": {
                "type": "zip",
                "url": "https://api.github.com/repos/sheadawson/silverstripe-timepickerfield/zipball/3f889a2b0e81561f99c562f95a410207b6486086",
                "reference": "3f889a2b0e81561f99c562f95a410207b6486086",
                "shasum": ""
            },
            "require": {
                "composer/installers": "*",
                "silverstripe/framework": "3.*"
            },
            "replace": {
                "silverstripe/timepickerfield": "*"
            },
            "type": "silverstripe-module",
            "notification-url": "https://packagist.org/downloads/",
            "authors": [
                {
                    "name": "Shea Dawson",
                    "email": "shea@silverstripe.com.au"
                }
            ],
            "description": "A time picker field for SilverStripe based on the jQuery UI Timepicker By François Gélinas http://fgelinas.com/code/timepicker/",
            "homepage": "http://github.com/sheadawson/silverstripe-timepickerfield",
            "keywords": [
                "Forms",
                "silverstripe",
                "time"
            ],
            "time": "2014-07-24 12:10:22"
        },
        {
            "name": "silverstripe/userforms",
            "version": "dev-master",
            "source": {
                "type": "git",
                "url": "https://github.com/silverstripe/silverstripe-userforms.git",
                "reference": "8303f27c39ac4fb5b7f9d11b19068d436d887244"
            },
            "dist": {
                "type": "zip",
                "url": "https://api.github.com/repos/silverstripe/silverstripe-userforms/zipball/8303f27c39ac4fb5b7f9d11b19068d436d887244",
                "reference": "8303f27c39ac4fb5b7f9d11b19068d436d887244",
                "shasum": ""
            },
            "require": {
                "silverstripe/cms": ">=3.1.0",
                "silverstripe/framework": ">=3.1.0"
            },
            "suggest": {
                "colymba/gridfield-bulk-editing-tools": "Allows for bulk management of form submissions"
            },
            "type": "silverstripe-module",
            "extra": {
                "branch-alias": {
                    "dev-master": "2.0.x-dev"
                }
            },
            "notification-url": "https://packagist.org/downloads/",
            "license": [
                "BSD-3-Clause"
            ],
            "authors": [
                {
                    "name": "Will Rossiter",
                    "email": "will@fullscreen.io"
                }
            ],
            "description": "UserForms enables CMS users to create dynamic forms via a drag and drop interface and without getting involved in any PHP code",
            "keywords": [
                "silverstripe",
                "userforms"
            ],
            "time": "2014-10-28 02:25:58"
        },
        {
            "name": "silverstripe/widgets",
            "version": "dev-master",
            "source": {
                "type": "git",
                "url": "https://github.com/silverstripe/silverstripe-widgets.git",
                "reference": "8ee406675e40ab7c978939c5cdacd810494baabe"
            },
            "dist": {
                "type": "zip",
                "url": "https://api.github.com/repos/silverstripe/silverstripe-widgets/zipball/8ee406675e40ab7c978939c5cdacd810494baabe",
                "reference": "8ee406675e40ab7c978939c5cdacd810494baabe",
                "shasum": ""
            },
            "require": {
                "silverstripe/cms": "~3.1",
                "silverstripe/framework": "~3.1"
            },
            "type": "silverstripe-module",
            "notification-url": "https://packagist.org/downloads/",
            "authors": [
                {
                    "name": "Ingo Schommer",
                    "email": "ingo@silverstripe.com"
                }
            ],
            "description": "Widgets are small pieces of functionality such as showing the latest Comments or Flickr Photos. They normally display on the sidebar of your website.",
            "keywords": [
                "blog",
                "silverstripe",
                "widgets"
            ],
            "time": "2014-08-06 04:03:50"
        },
        {
            "name": "simplepie/simplepie",
            "version": "dev-master",
            "source": {
                "type": "git",
                "url": "https://github.com/simplepie/simplepie.git",
                "reference": "9a9faaa0d563426cf6d897c169373c5b62f1b252"
            },
            "dist": {
                "type": "zip",
                "url": "https://api.github.com/repos/simplepie/simplepie/zipball/9a9faaa0d563426cf6d897c169373c5b62f1b252",
                "reference": "9a9faaa0d563426cf6d897c169373c5b62f1b252",
                "shasum": ""
            },
            "require": {
                "php": ">=5.2.0"
            },
            "type": "library",
            "autoload": {
                "psr-0": {
                    "SimplePie": "library"
                }
            },
            "notification-url": "https://packagist.org/downloads/",
            "license": [
                "BSD-3-Clause"
            ],
            "authors": [
                {
                    "name": "Ryan Parman",
                    "homepage": "http://ryanparman.com/",
                    "role": "Creator, alumnus developer"
                },
                {
                    "name": "Geoffrey Sneddon",
                    "homepage": "http://gsnedders.com/",
                    "role": "Alumnus developer"
                },
                {
                    "name": "Ryan McCue",
                    "email": "me@ryanmccue.info",
                    "homepage": "http://ryanmccue.info/",
                    "role": "Developer"
                }
            ],
            "description": "A simple Atom/RSS parsing library for PHP",
            "homepage": "http://simplepie.org/",
            "keywords": [
                "atom",
                "feeds",
                "rss"
            ],
            "time": "2014-04-28 12:50:39"
        },
        {
            "name": "unclecheese/betterbuttons",
            "version": "dev-master",
            "source": {
                "type": "git",
                "url": "https://github.com/unclecheese/silverstripe-gridfield-betterbuttons.git",
                "reference": "c364d1fbc11a0438551499e12f8f7412013225b6"
            },
            "dist": {
                "type": "zip",
                "url": "https://api.github.com/repos/unclecheese/silverstripe-gridfield-betterbuttons/zipball/c364d1fbc11a0438551499e12f8f7412013225b6",
                "reference": "c364d1fbc11a0438551499e12f8f7412013225b6",
                "shasum": ""
            },
            "require": {
                "silverstripe/framework": "~3.1"
            },
            "type": "silverstripe-module",
            "notification-url": "https://packagist.org/downloads/",
            "license": [
                "BSD-3-Clause"
            ],
            "authors": [
                {
                    "name": "Uncle Cheese",
                    "email": "unclecheese@leftandmain.com"
                }
            ],
            "description": "Adds new form actions and buttons to GridField detail form for usability enhancements.",
            "keywords": [
                "buttons",
                "gridfield",
                "silverstripe"
            ],
            "time": "2014-11-12 22:05:24"
        },
        {
            "name": "unclecheese/eventcalendar",
            "version": "dev-master",
            "source": {
                "type": "git",
                "url": "https://github.com/unclecheese/silverstripe-event-calendar.git",
                "reference": "7435c0be7e852a17247c23de804886ecd76dfbf9"
            },
            "dist": {
                "type": "zip",
                "url": "https://api.github.com/repos/unclecheese/silverstripe-event-calendar/zipball/7435c0be7e852a17247c23de804886ecd76dfbf9",
                "reference": "7435c0be7e852a17247c23de804886ecd76dfbf9",
                "shasum": ""
            },
            "require": {
                "php": ">=5.3.2",
                "silverstripe/cms": ">=3.1",
                "silverstripe/framework": ">=3.1"
            },
            "replace": {
                "silverstripe/event-calendar": "*"
            },
            "type": "silverstripe-module",
            "extra": {
                "installer-name": "event_calendar"
            },
            "notification-url": "https://packagist.org/downloads/",
            "license": [
                "BSD-3-Clause"
            ],
            "authors": [
                {
                    "name": "Aaron Carlino",
                    "homepage": "http://leftandmain.com"
                }
            ],
            "description": "Event Calendar for the SilverStripe CMS",
            "keywords": [
                "events",
                "silverstripe"
            ],
            "time": "2014-10-12 21:40:47"
        },
        {
            "name": "undefinedoffset/sortablegridfield",
            "version": "dev-master",
            "source": {
                "type": "git",
                "url": "https://github.com/UndefinedOffset/SortableGridField.git",
                "reference": "946ca8dc9b32a039f9bcedc774af96dd3871c758"
            },
            "dist": {
                "type": "zip",
                "url": "https://api.github.com/repos/UndefinedOffset/SortableGridField/zipball/946ca8dc9b32a039f9bcedc774af96dd3871c758",
                "reference": "946ca8dc9b32a039f9bcedc774af96dd3871c758",
                "shasum": ""
            },
            "require": {
                "composer/installers": "*",
                "silverstripe/framework": ">=3.0.1,<3.2"
            },
            "type": "silverstripe-module",
            "extra": {
                "installer-name": "sortablegridfield"
            },
            "notification-url": "https://packagist.org/downloads/",
            "license": [
                "BSD-3-Clause"
            ],
            "authors": [
                {
                    "name": "Ed Chipman",
                    "homepage": "http://www.edchipman.ca",
                    "role": "Developer"
                }
            ],
            "description": "Adds drag and drop functionality to SilverStripe 3.0's GridField",
            "keywords": [
                "gridfield",
                "silverstripe"
            ],
            "time": "2014-10-27 13:14:05"
        }
    ],
    "packages-dev": [],
    "aliases": [],
    "minimum-stability": "dev",
    "stability-flags": {
        "md/division-project": 20
    },
    "prefer-stable": false,
    "platform": {
        "php": ">=5.3.2"
    },
    "platform-dev": []
}
