{
    "_readme": [
        "This file locks the dependencies of your project to a known state",
        "Read more about it at http://getcomposer.org/doc/01-basic-usage.md#composer-lock-the-lock-file",
        "This file is @generated automatically"
    ],
    "hash": "8d3b0ed6de121f2468f04c75866d8100",
    "packages": [
        {
            "name": "colymba/gridfield-bulk-editing-tools",
            "version": "dev-master",
            "source": {
                "type": "git",
                "url": "https://github.com/colymba/GridFieldBulkEditingTools.git",
                "reference": "9592fa05615b0f3de8e093573690674469a67a86"
            },
            "dist": {
                "type": "zip",
                "url": "https://api.github.com/repos/colymba/GridFieldBulkEditingTools/zipball/9592fa05615b0f3de8e093573690674469a67a86",
                "reference": "9592fa05615b0f3de8e093573690674469a67a86",
                "shasum": ""
            },
            "require": {
                "silverstripe/framework": ">=3.1"
            },
            "type": "silverstripe-module",
            "notification-url": "https://packagist.org/downloads/",
            "license": [
                "BSD Simplified"
            ],
            "authors": [
                {
                    "name": "Thierry Francois",
                    "homepage": "http://colymba.com"
                },
                {
                    "name": "GitHub contributors",
                    "homepage": "https://github.com/colymba/GridFieldBulkEditingTools/contributors"
                }
            ],
            "description": "SilverStripe 3 GridField component to upload images and edit records in bulk",
            "homepage": "https://github.com/colymba/GridFieldBulkEditingTools",
            "keywords": [
                "Image upload",
                "bulk upload",
                "gridfield bulk upload",
                "silverstripe"
            ],
            "time": "2014-11-21 09:01:02"
        },
        {
            "name": "composer/installers",
            "version": "dev-master",
            "source": {
                "type": "git",
                "url": "https://github.com/composer/installers.git",
                "reference": "89d77bfbee79e16653f7162c86e602cc188471db"
            },
            "dist": {
                "type": "zip",
                "url": "https://api.github.com/repos/composer/installers/zipball/89d77bfbee79e16653f7162c86e602cc188471db",
                "reference": "89d77bfbee79e16653f7162c86e602cc188471db",
                "shasum": ""
            },
            "replace": {
                "roundcube/plugin-installer": "*",
                "shama/baton": "*"
            },
            "require-dev": {
                "composer/composer": "1.0.*@dev",
                "phpunit/phpunit": "4.1.*"
            },
            "type": "composer-installer",
            "extra": {
                "class": "Composer\\Installers\\Installer",
                "branch-alias": {
                    "dev-master": "1.0-dev"
                }
            },
            "autoload": {
                "psr-0": {
                    "Composer\\Installers\\": "src/"
                }
            },
            "notification-url": "https://packagist.org/downloads/",
            "license": [
                "MIT"
            ],
            "authors": [
                {
                    "name": "Kyle Robinson Young",
                    "email": "kyle@dontkry.com",
                    "homepage": "https://github.com/shama"
                }
            ],
            "description": "A multi-framework Composer library installer",
            "homepage": "http://composer.github.com/installers/",
            "keywords": [
                "Craft",
                "Dolibarr",
                "Hurad",
                "MODX Evo",
                "OXID",
                "Thelia",
                "WolfCMS",
                "agl",
                "annotatecms",
                "bitrix",
                "cakephp",
                "chef",
                "codeigniter",
                "concrete5",
                "croogo",
                "dokuwiki",
                "drupal",
                "elgg",
                "fuelphp",
                "grav",
                "installer",
                "joomla",
                "kohana",
                "laravel",
                "lithium",
                "magento",
                "mako",
                "mediawiki",
                "modulework",
                "moodle",
                "phpbb",
                "piwik",
                "ppi",
                "puppet",
                "roundcube",
                "shopware",
                "silverstripe",
                "symfony",
                "typo3",
                "wordpress",
                "zend",
                "zikula"
            ],
            "time": "2014-11-29 01:29:17"
        },
        {
            "name": "jonom/focuspoint",
            "version": "dev-master",
            "source": {
                "type": "git",
                "url": "https://github.com/jonom/silverstripe-focuspoint.git",
                "reference": "6769333e8789c6ab87a28e0a5d4c738bbb40cc90"
            },
            "dist": {
                "type": "zip",
                "url": "https://api.github.com/repos/jonom/silverstripe-focuspoint/zipball/6769333e8789c6ab87a28e0a5d4c738bbb40cc90",
                "reference": "6769333e8789c6ab87a28e0a5d4c738bbb40cc90",
                "shasum": ""
            },
            "require": {
                "silverstripe/framework": "~3.1"
            },
            "type": "silverstripe-module",
            "notification-url": "https://packagist.org/downloads/",
            "license": [
                "BSD-3-Clause"
            ],
            "authors": [
                {
                    "name": "Jonathon Menz",
                    "homepage": "http://jonathonmenz.com"
                }
            ],
            "description": "Smarter automatic image cropping for SilverStripe",
            "keywords": [
                "crop",
                "cropping",
                "focus",
                "focuspoint",
                "image",
                "silverstripe"
            ],
            "time": "2014-12-18 04:05:56"
        },
        {
            "name": "md/ac-json-events",
            "version": "dev-master",
            "source": {
                "type": "git",
                "url": "https://github.com/StudentLifeMarketingAndDesign/ac-json-events.git",
                "reference": "05313a3eb585dd32d5530438a3173acc5dbd980c"
            },
            "dist": {
                "type": "zip",
                "url": "https://api.github.com/repos/StudentLifeMarketingAndDesign/ac-json-events/zipball/05313a3eb585dd32d5530438a3173acc5dbd980c",
                "reference": "05313a3eb585dd32d5530438a3173acc5dbd980c",
                "shasum": ""
            },
            "require": {
                "php": ">=5.3.2",
                "silverstripe/cms": "3.*",
                "silverstripe/framework": "3.*"
            },
            "type": "silverstripe-module",
            "extra": {
                "branch-alias": {
                    "dev-master": "0.1.x-dev"
                }
            },
            "description": "After Class JSON Display Module",
            "support": {
                "source": "https://github.com/StudentLifeMarketingAndDesign/ac-json-events/tree/master",
                "issues": "https://github.com/StudentLifeMarketingAndDesign/ac-json-events/issues"
            },
            "time": "2014-11-10 19:01:47"
        },
        {
            "name": "md/division-bar",
            "version": "dev-master",
            "source": {
                "type": "git",
                "url": "https://github.com/StudentLifeMarketingAndDesign/division-bar.git",
                "reference": "e5d2429ecba4283922530b25a22eb14375f96d98"
            },
            "dist": {
                "type": "zip",
                "url": "https://api.github.com/repos/StudentLifeMarketingAndDesign/division-bar/zipball/e5d2429ecba4283922530b25a22eb14375f96d98",
                "reference": "e5d2429ecba4283922530b25a22eb14375f96d98",
                "shasum": ""
            },
            "require": {
                "php": ">=5.3.2",
                "silverstripe/cms": "3.*",
                "silverstripe/framework": "3.*"
            },
            "type": "silverstripe-module",
            "extra": {
                "branch-alias": {
                    "dev-master": "0.1.x-dev"
                }
            },
            "description": "The University of Iowa Division of Student Life Bar",
            "support": {
                "source": "https://github.com/StudentLifeMarketingAndDesign/division-bar/tree/master",
                "issues": "https://github.com/StudentLifeMarketingAndDesign/division-bar/issues"
            },
            "time": "2015-01-12 15:58:08"
        },
        {
            "name": "md/division-project",
            "version": "dev-master",
            "source": {
                "type": "git",
                "url": "https://github.com/StudentLifeMarketingAndDesign/division-project.git",
                "reference": "a59acfb344695304781d5ca3e32419631b96cd72"
            },
            "dist": {
                "type": "zip",
                "url": "https://api.github.com/repos/StudentLifeMarketingAndDesign/division-project/zipball/a59acfb344695304781d5ca3e32419631b96cd72",
                "reference": "a59acfb344695304781d5ca3e32419631b96cd72",
                "shasum": ""
            },
            "require": {
                "colymba/gridfield-bulk-editing-tools": "*",
                "jonom/focuspoint": "*",
                "md/ac-json-events": "dev-master",
                "md/division-bar": "*",
                "php": ">=5.3.2",
                "sheadawson/quickaddnew": "*",
                "silverstripe-australia/gridfieldextensions": "*",
                "silverstripe-themes/simple": "*",
                "silverstripe/blog": "*",
                "silverstripe/cms": "3.1.9",
                "silverstripe/framework": "3.1.9",
                "silverstripe/googlesitemaps": "*",
                "silverstripe/installer": "*",
                "silverstripe/mathspamprotection": "*",
                "silverstripe/recaptcha": "*",
                "silverstripe/timepickerfield": "*",
                "silverstripe/userforms": "*",
                "silverstripe/widgets": "*",
                "simplepie/simplepie": "*",
                "unclecheese/betterbuttons": "*",
                "unclecheese/eventcalendar": "*",
                "undefinedoffset/sortablegridfield": "*"
            },
            "type": "silverstripe-module",
            "extra": {
                "branch-alias": {
                    "dev-master": "0.1.x-dev"
                }
            },
            "description": "The University of Iowa Division of Student Life Project Code and Theme",
            "support": {
                "source": "https://github.com/StudentLifeMarketingAndDesign/division-project/tree/master",
                "issues": "https://github.com/StudentLifeMarketingAndDesign/division-project/issues"
            },
            "time": "2015-01-15 17:05:55"
        },
        {
            "name": "sheadawson/quickaddnew",
            "version": "dev-master",
            "source": {
                "type": "git",
                "url": "https://github.com/sheadawson/silverstripe-quickaddnew.git",
                "reference": "2578bb3cb7925f04d42abb77d41ed9b771162e9b"
            },
            "dist": {
                "type": "zip",
                "url": "https://api.github.com/repos/sheadawson/silverstripe-quickaddnew/zipball/2578bb3cb7925f04d42abb77d41ed9b771162e9b",
                "reference": "2578bb3cb7925f04d42abb77d41ed9b771162e9b",
                "shasum": ""
            },
            "require": {
                "composer/installers": "*",
                "silverstripe/framework": "3.*"
            },
            "replace": {
                "silverstripe/quickaddnew": "*"
            },
            "type": "silverstripe-module",
            "notification-url": "https://packagist.org/downloads/",
            "authors": [
                {
                    "name": "Shea Dawson",
                    "email": "shea@silverstripe.com.au"
                }
            ],
            "description": "A decorator for form fields that manage object relationships, to allow adding a new object on the fly through a dialog window. It can handle has_one, has_many or many_many relationships. At the moment it has been tested / works on DropdownField and ListboxField. It works both in the CMS and in the frontend.",
            "homepage": "http://github.com/sheadawson/silverstripe-quickaddnew",
            "keywords": [
                "Forms",
                "silverstripe"
            ],
            "time": "2014-10-08 10:26:14"
        },
        {
            "name": "silverstripe-australia/gridfieldextensions",
            "version": "dev-master",
            "source": {
                "type": "git",
                "url": "https://github.com/silverstripe-australia/silverstripe-gridfieldextensions.git",
                "reference": "9ff5de80d4e90a8f79dd755be60db8f69b9c999d"
            },
            "dist": {
                "type": "zip",
                "url": "https://api.github.com/repos/silverstripe-australia/silverstripe-gridfieldextensions/zipball/9ff5de80d4e90a8f79dd755be60db8f69b9c999d",
                "reference": "9ff5de80d4e90a8f79dd755be60db8f69b9c999d",
                "shasum": ""
            },
            "require": {
                "silverstripe/framework": "~3.1"
            },
            "replace": {
                "ajshort/silverstripe-gridfieldextensions": "self.version"
            },
            "type": "silverstripe-module",
            "extra": {
                "installer-name": "gridfieldextensions",
                "screenshots": [
                    "docs/en/_images/editable-rows.png",
                    "docs/en/_images/add-existing-search.png"
                ]
            },
            "notification-url": "https://packagist.org/downloads/",
            "license": [
                "BSD-3-Clause"
            ],
            "authors": [
                {
                    "name": "Marcus Nyeholt",
                    "email": "marcus@silverstripe.com.au"
                },
                {
                    "name": "Andrew Short",
                    "email": "andrewjshort@gmail.com"
                }
            ],
            "description": "A collection of useful grid field components",
            "homepage": "http://github.com/ajshort/silverstripe-gridfieldextensions",
            "keywords": [
                "gridfield",
                "silverstripe"
            ],
            "time": "2015-01-03 06:06:35"
        },
        {
            "name": "silverstripe-themes/simple",
            "version": "dev-master",
            "source": {
                "type": "git",
                "url": "https://github.com/silverstripe-themes/silverstripe-simple.git",
                "reference": "63c549e82fb8d530bb88a370a8b7c3d8c61ddd74"
            },
            "dist": {
                "type": "zip",
                "url": "https://api.github.com/repos/silverstripe-themes/silverstripe-simple/zipball/63c549e82fb8d530bb88a370a8b7c3d8c61ddd74",
                "reference": "63c549e82fb8d530bb88a370a8b7c3d8c61ddd74",
                "shasum": ""
            },
            "require": {
                "composer/installers": "*",
                "silverstripe/framework": ">=3.0"
            },
            "type": "silverstripe-theme",
            "notification-url": "https://packagist.org/downloads/",
            "license": [
                "BSD-3-Clause"
            ],
            "authors": [
                {
                    "name": "Sara Tušar (Innovaif)",
                    "homepage": "http://www.saratusar.com"
                }
            ],
            "description": "The SilverStripe simple theme (default SilverStripe 3 theme)",
            "keywords": [
                "silverstripe",
                "theme"
            ],
            "time": "2014-07-30 04:30:14"
        },
        {
            "name": "silverstripe/blog",
            "version": "dev-master",
            "source": {
                "type": "git",
                "url": "https://github.com/silverstripe/silverstripe-blog.git",
                "reference": "9a56f5aabf81be7a4d89148141d475df8846ec55"
            },
            "dist": {
                "type": "zip",
                "url": "https://api.github.com/repos/silverstripe/silverstripe-blog/zipball/9a56f5aabf81be7a4d89148141d475df8846ec55",
                "reference": "9a56f5aabf81be7a4d89148141d475df8846ec55",
                "shasum": ""
            },
            "require": {
                "silverstripe/cms": "~3.1"
            },
            "suggest": {
                "silverstripe/comments": "Enable user comments on any page type, including blog posts",
                "silverstripe/widgets": "Additional 'sidebar features', e.g. a list of recent posts and a tagcloud",
                "simplepie/simplepie": "Parse RSS feeds, required for the RSS widget"
            },
            "type": "silverstripe-module",
            "notification-url": "https://packagist.org/downloads/",
            "authors": [
                {
                    "name": "Saophalkun Ponlu",
                    "email": "phalkunz@silverstripe.com"
                },
                {
                    "name": "Carlos Barberis",
                    "email": "carlos@silverstripe.com"
                }
            ],
            "description": "The blog module allows you to post blogs on your SilverStripe. It includes the ability to post blogs using a site front-end form. Blogs are summarised on the blog holder page type, with more detail viewable when a specific blog is clicked.",
            "keywords": [
                "blog",
                "silverstripe"
            ],
            "time": "2014-12-05 02:18:04"
        },
        {
            "name": "silverstripe/cms",
            "version": "3.1.9",
            "source": {
                "type": "git",
                "url": "https://github.com/silverstripe/silverstripe-cms.git",
                "reference": "ee4639ed7447b35ec7159b39165819f11b0ccb56"
            },
            "dist": {
                "type": "zip",
                "url": "https://api.github.com/repos/silverstripe/silverstripe-cms/zipball/ee4639ed7447b35ec7159b39165819f11b0ccb56",
                "reference": "ee4639ed7447b35ec7159b39165819f11b0ccb56",
                "shasum": ""
            },
            "require": {
                "composer/installers": "*",
                "php": ">=5.3.2",
                "silverstripe/framework": "3.1.*"
            },
            "type": "silverstripe-module",
            "autoload": {
                "classmap": [
                    "tests/behat/"
                ]
            },
            "notification-url": "https://packagist.org/downloads/",
            "license": [
                "BSD-3-Clause"
            ],
            "authors": [
                {
                    "name": "SilverStripe",
                    "homepage": "http://silverstripe.com"
                },
                {
                    "name": "The SilverStripe Community",
                    "homepage": "http://silverstripe.org"
                }
            ],
            "description": "The SilverStripe Content Management System",
            "homepage": "http://silverstripe.org",
            "keywords": [
                "cms",
                "silverstripe"
            ],
            "time": "2015-01-12 04:52:29"
        },
        {
            "name": "silverstripe/framework",
            "version": "3.1.9",
            "source": {
                "type": "git",
                "url": "https://github.com/silverstripe/silverstripe-framework.git",
                "reference": "87d6250ea75f5e1c765d9004c51bd5ffd5633185"
            },
            "dist": {
                "type": "zip",
                "url": "https://api.github.com/repos/silverstripe/silverstripe-framework/zipball/87d6250ea75f5e1c765d9004c51bd5ffd5633185",
                "reference": "87d6250ea75f5e1c765d9004c51bd5ffd5633185",
                "shasum": ""
            },
            "require": {
                "composer/installers": "*",
                "php": ">=5.3.2"
            },
            "require-dev": {
                "phpunit/phpunit": "~3.7@stable"
            },
            "type": "silverstripe-module",
            "autoload": {
                "classmap": [
                    "tests/behat/features/bootstrap"
                ]
            },
            "notification-url": "https://packagist.org/downloads/",
            "license": [
                "BSD-3-Clause"
            ],
            "authors": [
                {
                    "name": "SilverStripe",
                    "homepage": "http://silverstripe.com"
                },
                {
                    "name": "The SilverStripe Community",
                    "homepage": "http://silverstripe.org"
                }
            ],
            "description": "The SilverStripe framework",
            "homepage": "http://silverstripe.org",
            "keywords": [
                "framework",
                "silverstripe"
            ],
            "time": "2015-01-14 22:56:46"
        },
        {
            "name": "silverstripe/googlesitemaps",
            "version": "dev-master",
            "source": {
                "type": "git",
                "url": "https://github.com/silverstripe-labs/silverstripe-googlesitemaps.git",
                "reference": "d3a12fe225b6ca58423618bb6553474e4cf9b88d"
            },
            "dist": {
                "type": "zip",
                "url": "https://api.github.com/repos/silverstripe-labs/silverstripe-googlesitemaps/zipball/d3a12fe225b6ca58423618bb6553474e4cf9b88d",
                "reference": "d3a12fe225b6ca58423618bb6553474e4cf9b88d",
                "shasum": ""
            },
            "require": {
                "silverstripe/framework": "~3.1"
            },
            "type": "silverstripe-module",
            "notification-url": "https://packagist.org/downloads/",
            "license": [
                "BSD"
            ],
            "authors": [
                {
                    "name": "Will Rossiter",
                    "email": "will@fullscreen.io"
                }
            ],
            "description": "SilverStripe support for the Google Sitemaps XML system, enabling Google and other search engines to see all urls on your site. This helps your SilverStripe website rank well in search engines, and to encourage the information on your site to be discovered by Google quickly.",
            "homepage": "https://github.com/silverstripe-labs/silverstripe-googlesitemaps",
            "keywords": [
                "googlesitemaps",
                "seo",
                "silverstripe"
            ],
            "time": "2014-11-11 03:46:45"
        },
        {
            "name": "silverstripe/mathspamprotection",
            "version": "dev-master",
            "source": {
                "type": "git",
                "url": "https://github.com/silverstripe/silverstripe-mathspamprotection.git",
                "reference": "801da8bef6aedf1f9dcb098ef32f237ca0b3ab2c"
            },
            "dist": {
                "type": "zip",
                "url": "https://api.github.com/repos/silverstripe/silverstripe-mathspamprotection/zipball/801da8bef6aedf1f9dcb098ef32f237ca0b3ab2c",
                "reference": "801da8bef6aedf1f9dcb098ef32f237ca0b3ab2c",
                "shasum": ""
            },
            "require": {
                "silverstripe/spamprotection": "dev-master"
            },
            "type": "silverstripe-module",
            "notification-url": "https://packagist.org/downloads/",
            "authors": [
                {
                    "name": "Will Rossiter",
                    "email": "will@fullscreen.io"
                }
            ],
            "description": "This module provides a simple math protection mechanism for prevent spam from your forms.Includes an EditableMathSpamField to integrate with the UserForms module.",
            "keywords": [
                "mathspamprotection",
                "silverstripe",
                "spamprotection"
            ],
            "time": "2015-01-04 00:12:48"
        },
        {
            "name": "silverstripe/recaptcha",
            "version": "dev-master",
            "source": {
                "type": "git",
                "url": "https://github.com/chillu/silverstripe-recaptcha.git",
                "reference": "02a53f235c4965e79198c3934b8b27ce33abb9fc"
            },
            "dist": {
                "type": "zip",
                "url": "https://api.github.com/repos/chillu/silverstripe-recaptcha/zipball/02a53f235c4965e79198c3934b8b27ce33abb9fc",
                "reference": "02a53f235c4965e79198c3934b8b27ce33abb9fc",
                "shasum": ""
            },
            "require": {
                "silverstripe/framework": "~3.1",
                "silverstripe/spamprotection": "*"
            },
            "type": "silverstripe-module",
            "extra": {
                "branch-alias": {
                    "dev-master": "1.2.x-dev"
                }
            },
            "notification-url": "https://packagist.org/downloads/",
            "authors": [
                {
                    "name": "Ingo Schommer",
                    "email": "ingo@silverstripe.com"
                }
            ],
            "description": "Provides a form field which allows form to validate for non-bot submissions by giving them a challenge to decrypt an image.",
            "keywords": [
                "silverstripe",
                "spamprotection"
            ],
            "time": "2014-12-11 10:38:25"
        },
        {
            "name": "silverstripe/spamprotection",
            "version": "dev-master",
            "source": {
                "type": "git",
                "url": "https://github.com/silverstripe/silverstripe-spamprotection.git",
                "reference": "c1a8a83011e10e238afbd6f4804e9ba1df5d56f9"
            },
            "dist": {
                "type": "zip",
                "url": "https://api.github.com/repos/silverstripe/silverstripe-spamprotection/zipball/c1a8a83011e10e238afbd6f4804e9ba1df5d56f9",
                "reference": "c1a8a83011e10e238afbd6f4804e9ba1df5d56f9",
                "shasum": ""
            },
            "require": {
                "silverstripe/framework": "~3.1"
            },
            "type": "silverstripe-module",
            "notification-url": "https://packagist.org/downloads/",
            "authors": [
                {
                    "name": "Saophalkun Ponlu",
                    "email": "phalkunz@silverstripe.com"
                },
                {
                    "name": "Will Rossiter",
                    "email": "will@fullscreen.io"
                }
            ],
            "description": "Spam protection module for SilverStripe.",
            "keywords": [
                "silverstripe",
                "spamprotection"
            ],
            "time": "2014-12-05 02:18:33"
        },
        {
            "name": "silverstripe/timepickerfield",
            "version": "dev-master",
            "source": {
                "type": "git",
                "url": "https://github.com/sheadawson/silverstripe-timepickerfield.git",
                "reference": "91bed1ffd0b78ec6abd2f91ba657fac7c4452528"
            },
            "dist": {
                "type": "zip",
                "url": "https://api.github.com/repos/sheadawson/silverstripe-timepickerfield/zipball/91bed1ffd0b78ec6abd2f91ba657fac7c4452528",
                "reference": "91bed1ffd0b78ec6abd2f91ba657fac7c4452528",
                "shasum": ""
            },
            "require": {
                "composer/installers": "*",
                "silverstripe/framework": "3.*"
            },
            "type": "silverstripe-module",
            "extra": {
                "branch-alias": {
                    "dev-master": "1.0.x-dev"
                }
            },
            "notification-url": "https://packagist.org/downloads/",
            "authors": [
                {
                    "name": "Shea Dawson",
                    "email": "shea@silverstripe.com.au"
                }
            ],
            "description": "A time picker field for SilverStripe based on the jQuery UI Timepicker By François Gélinas http://fgelinas.com/code/timepicker/",
            "homepage": "http://github.com/sheadawson/silverstripe-timepickerfield",
            "keywords": [
                "Forms",
                "silverstripe",
                "time"
            ],
            "time": "2015-01-14 00:43:08"
        },
        {
            "name": "silverstripe/userforms",
            "version": "dev-master",
            "source": {
                "type": "git",
                "url": "https://github.com/silverstripe/silverstripe-userforms.git",
                "reference": "99ac1a3e20f60dc226e7b7166afd1ad81b7b06c3"
            },
            "dist": {
                "type": "zip",
                "url": "https://api.github.com/repos/silverstripe/silverstripe-userforms/zipball/99ac1a3e20f60dc226e7b7166afd1ad81b7b06c3",
                "reference": "99ac1a3e20f60dc226e7b7166afd1ad81b7b06c3",
                "shasum": ""
            },
            "require": {
                "silverstripe/cms": ">=3.1.0",
                "silverstripe/framework": ">=3.1.0"
            },
            "suggest": {
                "colymba/gridfield-bulk-editing-tools": "Allows for bulk management of form submissions"
            },
            "type": "silverstripe-module",
            "extra": {
                "branch-alias": {
                    "dev-master": "2.0.x-dev"
                }
            },
            "notification-url": "https://packagist.org/downloads/",
            "license": [
                "BSD-3-Clause"
            ],
            "authors": [
                {
                    "name": "Will Rossiter",
                    "email": "will@fullscreen.io"
                }
            ],
            "description": "UserForms enables CMS users to create dynamic forms via a drag and drop interface and without getting involved in any PHP code",
            "keywords": [
                "silverstripe",
                "userforms"
            ],
            "time": "2015-01-06 03:59:34"
        },
        {
            "name": "silverstripe/widgets",
            "version": "dev-master",
            "source": {
                "type": "git",
                "url": "https://github.com/silverstripe/silverstripe-widgets.git",
                "reference": "674ea5d5913e8d40a226955c8c5936977a438e1e"
            },
            "dist": {
                "type": "zip",
                "url": "https://api.github.com/repos/silverstripe/silverstripe-widgets/zipball/674ea5d5913e8d40a226955c8c5936977a438e1e",
                "reference": "674ea5d5913e8d40a226955c8c5936977a438e1e",
                "shasum": ""
            },
            "require": {
                "silverstripe/cms": "~3.1",
                "silverstripe/framework": "~3.1"
            },
            "type": "silverstripe-module",
            "notification-url": "https://packagist.org/downloads/",
            "authors": [
                {
                    "name": "Ingo Schommer",
                    "email": "ingo@silverstripe.com"
                }
            ],
            "description": "Widgets are small pieces of functionality such as showing the latest Comments or Flickr Photos. They normally display on the sidebar of your website.",
            "keywords": [
                "blog",
                "silverstripe",
                "widgets"
            ],
            "time": "2014-12-05 02:17:50"
        },
        {
            "name": "simplepie/simplepie",
            "version": "dev-master",
            "source": {
                "type": "git",
                "url": "https://github.com/simplepie/simplepie.git",
                "reference": "9a9faaa0d563426cf6d897c169373c5b62f1b252"
            },
            "dist": {
                "type": "zip",
                "url": "https://api.github.com/repos/simplepie/simplepie/zipball/9a9faaa0d563426cf6d897c169373c5b62f1b252",
                "reference": "9a9faaa0d563426cf6d897c169373c5b62f1b252",
                "shasum": ""
            },
            "require": {
                "php": ">=5.2.0"
            },
            "type": "library",
            "autoload": {
                "psr-0": {
                    "SimplePie": "library"
                }
            },
            "notification-url": "https://packagist.org/downloads/",
            "license": [
                "BSD-3-Clause"
            ],
            "authors": [
                {
                    "name": "Ryan Parman",
                    "homepage": "http://ryanparman.com/",
                    "role": "Creator, alumnus developer"
                },
                {
                    "name": "Geoffrey Sneddon",
                    "homepage": "http://gsnedders.com/",
                    "role": "Alumnus developer"
                },
                {
                    "name": "Ryan McCue",
                    "email": "me@ryanmccue.info",
                    "homepage": "http://ryanmccue.info/",
                    "role": "Developer"
                }
            ],
            "description": "A simple Atom/RSS parsing library for PHP",
            "homepage": "http://simplepie.org/",
            "keywords": [
                "atom",
                "feeds",
                "rss"
            ],
            "time": "2014-04-28 12:50:39"
        },
        {
            "name": "unclecheese/betterbuttons",
            "version": "dev-master",
            "source": {
                "type": "git",
                "url": "https://github.com/unclecheese/silverstripe-gridfield-betterbuttons.git",
                "reference": "595dffde1ba402e802cd7786512f788d1c661627"
            },
            "dist": {
                "type": "zip",
                "url": "https://api.github.com/repos/unclecheese/silverstripe-gridfield-betterbuttons/zipball/595dffde1ba402e802cd7786512f788d1c661627",
                "reference": "595dffde1ba402e802cd7786512f788d1c661627",
                "shasum": ""
            },
            "require": {
                "silverstripe/framework": "~3.1"
            },
            "type": "silverstripe-module",
            "notification-url": "https://packagist.org/downloads/",
            "license": [
                "BSD-3-Clause"
            ],
            "authors": [
                {
                    "name": "Uncle Cheese",
                    "email": "unclecheese@leftandmain.com"
                }
            ],
            "description": "Adds new form actions and buttons to GridField detail form for usability enhancements.",
            "keywords": [
                "buttons",
                "gridfield",
                "silverstripe"
            ],
            "time": "2014-11-22 10:29:29"
        },
        {
            "name": "unclecheese/eventcalendar",
            "version": "dev-master",
            "source": {
                "type": "git",
                "url": "https://github.com/unclecheese/silverstripe-event-calendar.git",
                "reference": "7435c0be7e852a17247c23de804886ecd76dfbf9"
            },
            "dist": {
                "type": "zip",
                "url": "https://api.github.com/repos/unclecheese/silverstripe-event-calendar/zipball/7435c0be7e852a17247c23de804886ecd76dfbf9",
                "reference": "7435c0be7e852a17247c23de804886ecd76dfbf9",
                "shasum": ""
            },
            "require": {
                "php": ">=5.3.2",
                "silverstripe/cms": ">=3.1",
                "silverstripe/framework": ">=3.1"
            },
            "replace": {
                "silverstripe/event-calendar": "*"
            },
            "type": "silverstripe-module",
            "extra": {
                "installer-name": "event_calendar"
            },
            "notification-url": "https://packagist.org/downloads/",
            "license": [
                "BSD-3-Clause"
            ],
            "authors": [
                {
                    "name": "Aaron Carlino",
                    "homepage": "http://leftandmain.com"
                }
            ],
            "description": "Event Calendar for the SilverStripe CMS",
            "keywords": [
                "events",
                "silverstripe"
            ],
            "time": "2014-10-12 21:40:47"
        },
        {
            "name": "undefinedoffset/sortablegridfield",
            "version": "dev-master",
            "source": {
                "type": "git",
                "url": "https://github.com/UndefinedOffset/SortableGridField.git",
                "reference": "946ca8dc9b32a039f9bcedc774af96dd3871c758"
            },
            "dist": {
                "type": "zip",
                "url": "https://api.github.com/repos/UndefinedOffset/SortableGridField/zipball/946ca8dc9b32a039f9bcedc774af96dd3871c758",
                "reference": "946ca8dc9b32a039f9bcedc774af96dd3871c758",
                "shasum": ""
            },
            "require": {
                "composer/installers": "*",
                "silverstripe/framework": ">=3.0.1,<3.2"
            },
            "type": "silverstripe-module",
            "extra": {
                "installer-name": "sortablegridfield"
            },
            "notification-url": "https://packagist.org/downloads/",
            "license": [
                "BSD-3-Clause"
            ],
            "authors": [
                {
                    "name": "Ed Chipman",
                    "homepage": "http://www.edchipman.ca",
                    "role": "Developer"
                }
            ],
            "description": "Adds drag and drop functionality to SilverStripe 3.0's GridField",
            "keywords": [
                "gridfield",
                "silverstripe"
            ],
            "time": "2014-10-27 13:14:05"
        }
    ],
    "packages-dev": [],
    "aliases": [],
    "minimum-stability": "dev",
    "stability-flags": {
        "md/division-project": 20
    },
    "prefer-stable": false,
    "prefer-lowest": false,
    "platform": {
        "php": ">=5.3.2"
    },
    "platform-dev": []
}
